
Microsoft Visual Studio Solution File, Format Version 12.00
# Visual Studio Version 17
VisualStudioVersion = 17.1.32228.430
MinimumVisualStudioVersion = 10.0.40219.1
Project("{FAE04EC0-301F-11D3-BF4B-00C04F79EFBC}") = "Personal Information Generator", "Personal Information Generator\Personal Information Generator.csproj", "{B397A153-1374-47D8-9B4B-15CBEA145509}"
EndProject
Global
	GlobalSection(SolutionConfigurationPlatforms) = preSolution
		Debug|Any CPU = Debug|Any CPU
		Release|Any CPU = Release|Any CPU
	EndGlobalSection
	GlobalSection(ProjectConfigurationPlatforms) = postSolution
		{B397A153-1374-47D8-9B4B-15CBEA145509}.Debug|Any CPU.ActiveCfg = Debug|Any CPU
		{B397A153-1374-47D8-9B4B-15CBEA145509}.Debug|Any CPU.Build.0 = Debug|Any CPU
		{B397A153-1374-47D8-9B4B-15CBEA145509}.Release|Any CPU.ActiveCfg = Release|Any CPU
		{B397A153-1374-47D8-9B4B-15CBEA145509}.Release|Any CPU.Build.0 = Release|Any CPU
	EndGlobalSection
	GlobalSection(SolutionProperties) = preSolution
		HideSolutionNode = FALSE
	EndGlobalSection
	GlobalSection(ExtensibilityGlobals) = postSolution
		SolutionGuid = {EF037F97-EE8E-4E8E-AD72-019160B4EEE8}
	EndGlobalSection
EndGlobal
